
Microsoft Visual Studio Solution File, Format Version 12.00
# Visual Studio Version 17
VisualStudioVersion = 17.11.35222.181
MinimumVisualStudioVersion = 10.0.40219.1
Project("{8BC9CEB8-8B4A-11D0-8D11-00A0C91BC942}") = "ConsoleProjectForClusters", "ConsoleProjectForClusters.vcxproj", "{BF266854-5B0D-44D1-96CF-E9CC0684BE12}"
EndProject
Project("{8BC9CEB8-8B4A-11D0-8D11-00A0C91BC942}") = "TestConsoleApp", "TestConsoleApp\TestConsoleApp.vcxproj", "{5667F308-2DFE-4C64-B598-53C45335AD0F}"
EndProject
Global
	GlobalSection(SolutionConfigurationPlatforms) = preSolution
		Debug|x64 = Debug|x64
		Debug|x86 = Debug|x86
		Release|x64 = Release|x64
		Release|x86 = Release|x86
	EndGlobalSection
	GlobalSection(ProjectConfigurationPlatforms) = postSolution
		{BF266854-5B0D-44D1-96CF-E9CC0684BE12}.Debug|x64.ActiveCfg = Debug|x64
		{BF266854-5B0D-44D1-96CF-E9CC0684BE12}.Debug|x64.Build.0 = Debug|x64
		{BF266854-5B0D-44D1-96CF-E9CC0684BE12}.Debug|x86.ActiveCfg = Debug|Win32
		{BF266854-5B0D-44D1-96CF-E9CC0684BE12}.Debug|x86.Build.0 = Debug|Win32
		{BF266854-5B0D-44D1-96CF-E9CC0684BE12}.Release|x64.ActiveCfg = Release|x64
		{BF266854-5B0D-44D1-96CF-E9CC0684BE12}.Release|x64.Build.0 = Release|x64
		{BF266854-5B0D-44D1-96CF-E9CC0684BE12}.Release|x86.ActiveCfg = Release|Win32
		{BF266854-5B0D-44D1-96CF-E9CC0684BE12}.Release|x86.Build.0 = Release|Win32
		{5667F308-2DFE-4C64-B598-53C45335AD0F}.Debug|x64.ActiveCfg = Debug|x64
		{5667F308-2DFE-4C64-B598-53C45335AD0F}.Debug|x64.Build.0 = Debug|x64
		{5667F308-2DFE-4C64-B598-53C45335AD0F}.Debug|x86.ActiveCfg = Debug|Win32
		{5667F308-2DFE-4C64-B598-53C45335AD0F}.Debug|x86.Build.0 = Debug|Win32
		{5667F308-2DFE-4C64-B598-53C45335AD0F}.Release|x64.ActiveCfg = Release|x64
		{5667F308-2DFE-4C64-B598-53C45335AD0F}.Release|x64.Build.0 = Release|x64
		{5667F308-2DFE-4C64-B598-53C45335AD0F}.Release|x86.ActiveCfg = Release|Win32
		{5667F308-2DFE-4C64-B598-53C45335AD0F}.Release|x86.Build.0 = Release|Win32
	EndGlobalSection
	GlobalSection(SolutionProperties) = preSolution
		HideSolutionNode = FALSE
	EndGlobalSection
	GlobalSection(ExtensibilityGlobals) = postSolution
		SolutionGuid = {69FE62B8-C5C2-4138-973B-06803FDBE8EF}
	EndGlobalSection
EndGlobal
